<?xml version="1.0" encoding="utf-8"?>
<Project ToolsVersion="4.0" xmlns="http://schemas.microsoft.com/developer/msbuild/2003">
  <ItemGroup>
    <Filter Include="Quelldateien">
      <UniqueIdentifier>{4FC737F1-C7A5-4376-A066-2A32D752A2FF}</UniqueIdentifier>
      <Extensions>cpp;c;cc;cxx;def;odl;idl;hpj;bat;asm;asmx</Extensions>
    </Filter>
    <Filter Include="Headerdateien">
      <UniqueIdentifier>{93995380-89BD-4b04-88EB-625FBE52EBFB}</UniqueIdentifier>
      <Extensions>h;hpp;hxx;hm;inl;inc;xsd</Extensions>
    </Filter>
    <Filter Include="Ressourcendateien">
      <UniqueIdentifier>{67DA6AB6-F800-4c08-8B7A-83BB121AAD01}</UniqueIdentifier>
      <Extensions>rc;ico;cur;bmp;dlg;rc2;rct;bin;rgs;gif;jpg;jpeg;jpe;resx;tiff;tif;png;wav;mfcribbon-ms</Extensions>
    </Filter>
    <Filter Include="Config">
      <UniqueIdentifier>{04803996-9ad8-47dc-98b0-4d541f531b55}</UniqueIdentifier>
    </Filter>
    <Filter Include="Database">
      <UniqueIdentifier>{bad2fe1f-4459-4aa3-a158-85cd67c3a574}</UniqueIdentifier>
    </Filter>
    <Filter Include="Server">
      <UniqueIdentifier>{51d14e5a-e76d-427f-9e87-3c10dff7971e}</UniqueIdentifier>
    </Filter>
    <Filter Include="Account">
      <UniqueIdentifier>{6cf94520-578a-4e6d-be3e-cd5ff6fd1288}</UniqueIdentifier>
    </Filter>
    <Filter Include="General">
      <UniqueIdentifier>{6c7dc4c3-ca2f-481c-9dbb-a7153ddaab58}</UniqueIdentifier>
    </Filter>
    <Filter Include="Character">
      <UniqueIdentifier>{7d73fc40-795c-45cc-9d53-0f1ba4df5e53}</UniqueIdentifier>
    </Filter>
    <Filter Include="Map">
      <UniqueIdentifier>{ab69b4fa-9de2-4267-8272-a02ec198168f}</UniqueIdentifier>
    </Filter>
    <Filter Include="Chat">
      <UniqueIdentifier>{acd72aef-6833-4cdd-93e4-53a16abc5765}</UniqueIdentifier>
    </Filter>
    <Filter Include="Math">
      <UniqueIdentifier>{5b769804-0bce-4a33-8cd7-942ed7a60d09}</UniqueIdentifier>
    </Filter>
    <Filter Include="TMessage">
      <UniqueIdentifier>{a2696c44-edd9-4524-a006-eb1f728c3321}</UniqueIdentifier>
    </Filter>
    <Filter Include="Items">
      <UniqueIdentifier>{1d625404-8fb8-45e1-ae4d-373acee6bddf}</UniqueIdentifier>
    </Filter>
    <Filter Include="Entities">
      <UniqueIdentifier>{f7c82381-0fbe-4e9e-9b8f-df56a7ce79cb}</UniqueIdentifier>
    </Filter>
    <Filter Include="Entities\NPCs">
      <UniqueIdentifier>{b5cac6c9-4647-4900-8c88-47ea1c218fd4}</UniqueIdentifier>
    </Filter>
    <Filter Include="Entities\Enemies">
      <UniqueIdentifier>{836efa96-2f5e-4c1b-8356-d869f825ac75}</UniqueIdentifier>
    </Filter>
    <Filter Include="Skills">
      <UniqueIdentifier>{3011b75b-e05f-41a2-9f83-3ec4956d7e9a}</UniqueIdentifier>
    </Filter>
    <Filter Include="CharToChar">
      <UniqueIdentifier>{6c7d9fac-3541-4d15-8afa-e980eeba7f96}</UniqueIdentifier>
    </Filter>
    <Filter Include="CharToChar\Friend">
      <UniqueIdentifier>{983f2c53-2678-4edd-8db5-88f0ff7c67ef}</UniqueIdentifier>
    </Filter>
    <Filter Include="CharToChar\Blacklist">
      <UniqueIdentifier>{0901f43e-892b-4d68-a3ec-3ada26f68bf2}</UniqueIdentifier>
    </Filter>
    <Filter Include="CharToChar\Trade">
      <UniqueIdentifier>{5c510841-82bc-4896-ab62-b0dfd4c4d290}</UniqueIdentifier>
    </Filter>
    <Filter Include="Effects">
      <UniqueIdentifier>{fd0ec689-bf2f-4544-b5e2-bb5002cc71fc}</UniqueIdentifier>
    </Filter>
    <Filter Include="CharToChar\Group">
      <UniqueIdentifier>{0c908e3d-d41e-4799-b48f-c8e48e5046c6}</UniqueIdentifier>
    </Filter>
  </ItemGroup>
  <ItemGroup>
    <Text Include="ReadMe.txt" />
  </ItemGroup>
  <ItemGroup>
    <ClInclude Include="stdafx.h">
      <Filter>Headerdateien</Filter>
    </ClInclude>
    <ClInclude Include="targetver.h">
      <Filter>Headerdateien</Filter>
    </ClInclude>
    <ClInclude Include="TConfig.h">
      <Filter>Config</Filter>
    </ClInclude>
    <ClInclude Include="TDatabase.h">
      <Filter>Database</Filter>
    </ClInclude>
    <ClInclude Include="TServer.h">
      <Filter>Server</Filter>
    </ClInclude>
    <ClInclude Include="TAccount.h">
      <Filter>Account</Filter>
    </ClInclude>
    <ClInclude Include="TPacketHandler.h">
      <Filter>Server</Filter>
    </ClInclude>
    <ClInclude Include="TPacketCypher.h">
      <Filter>Server</Filter>
    </ClInclude>
    <ClInclude Include="TGeneral.h">
      <Filter>General</Filter>
    </ClInclude>
    <ClInclude Include="TCharacter.h">
      <Filter>Character</Filter>
    </ClInclude>
    <ClInclude Include="TCharacterInfo.h">
      <Filter>Character</Filter>
    </ClInclude>
    <ClInclude Include="TMap.h">
      <Filter>Map</Filter>
    </ClInclude>
    <ClInclude Include="TCharacterMove.h">
      <Filter>Character</Filter>
    </ClInclude>
    <ClInclude Include="TChat.h">
      <Filter>Chat</Filter>
    </ClInclude>
    <ClInclude Include="TMath.h">
      <Filter>Math</Filter>
    </ClInclude>
    <ClInclude Include="TMessage.h">
      <Filter>TMessage</Filter>
    </ClInclude>
    <ClInclude Include="TCharacterInventory.h">
      <Filter>Character</Filter>
    </ClInclude>
    <ClInclude Include="TItems.h">
      <Filter>Items</Filter>
    </ClInclude>
    <ClInclude Include="TNpc.h">
      <Filter>Entities\NPCs</Filter>
    </ClInclude>
    <ClInclude Include="TSkills.h">
      <Filter>Skills</Filter>
    </ClInclude>
    <ClInclude Include="TFriend.h">
      <Filter>CharToChar\Friend</Filter>
    </ClInclude>
    <ClInclude Include="TEffects.h">
      <Filter>Effects</Filter>
    </ClInclude>
    <ClInclude Include="TTrade.h">
      <Filter>CharToChar\Trade</Filter>
    </ClInclude>
    <ClInclude Include="TNPCShop.h">
      <Filter>Map</Filter>
    </ClInclude>
    <ClInclude Include="TGroup.h">
      <Filter>CharToChar\Group</Filter>
    </ClInclude>
    <ClInclude Include="TEnemys.h">
      <Filter>Entities\Enemies</Filter>
    </ClInclude>
  </ItemGroup>
  <ItemGroup>
    <ClCompile Include="stdafx.cpp">
      <Filter>Quelldateien</Filter>
    </ClCompile>
    <ClCompile Include="NTEmulator.cpp">
      <Filter>Quelldateien</Filter>
    </ClCompile>
    <ClCompile Include="TConfig.cpp">
      <Filter>Config</Filter>
    </ClCompile>
    <ClCompile Include="TDatabase.cpp">
      <Filter>Database</Filter>
    </ClCompile>
    <ClCompile Include="TServer.cpp">
      <Filter>Server</Filter>
    </ClCompile>
    <ClCompile Include="TAccount.cpp">
      <Filter>Account</Filter>
    </ClCompile>
    <ClCompile Include="TPacketHandler.cpp">
      <Filter>Server</Filter>
    </ClCompile>
    <ClCompile Include="TPacketCypher.cpp">
      <Filter>Server</Filter>
    </ClCompile>
    <ClCompile Include="TGeneral.cpp">
      <Filter>General</Filter>
    </ClCompile>
    <ClCompile Include="TCharacter.cpp">
      <Filter>Character</Filter>
    </ClCompile>
    <ClCompile Include="TCharacterInfo.cpp">
      <Filter>Character</Filter>
    </ClCompile>
    <ClCompile Include="TMap.cpp">
      <Filter>Map</Filter>
    </ClCompile>
    <ClCompile Include="TCharacterMove.cpp">
      <Filter>Character</Filter>
    </ClCompile>
    <ClCompile Include="TChat.cpp">
      <Filter>Chat</Filter>
    </ClCompile>
    <ClCompile Include="TMath.cpp">
      <Filter>Math</Filter>
    </ClCompile>
    <ClCompile Include="TMessage.cpp">
      <Filter>TMessage</Filter>
    </ClCompile>
    <ClCompile Include="TCharacterInventory.cpp">
      <Filter>Character</Filter>
    </ClCompile>
    <ClCompile Include="TItems.cpp">
      <Filter>Items</Filter>
    </ClCompile>
    <ClCompile Include="TNpc.cpp">
      <Filter>Entities\NPCs</Filter>
    </ClCompile>
    <ClCompile Include="TSkills.cpp">
      <Filter>Skills</Filter>
    </ClCompile>
    <ClCompile Include="TFriend.cpp">
      <Filter>CharToChar\Friend</Filter>
    </ClCompile>
    <ClCompile Include="TEffects.cpp">
      <Filter>Effects</Filter>
    </ClCompile>
    <ClCompile Include="TTrade.cpp">
      <Filter>CharToChar\Trade</Filter>
    </ClCompile>
    <ClCompile Include="TNPCShop.cpp">
      <Filter>Map</Filter>
    </ClCompile>
    <ClCompile Include="TGroup.cpp">
      <Filter>CharToChar\Group</Filter>
    </ClCompile>
    <ClCompile Include="TEnemys.cpp">
      <Filter>Entities\Enemies</Filter>
    </ClCompile>
  </ItemGroup>
</Project>